schema: '2.0'
stages:
  Data Ingestion:
    cmd: python src/NER_data_ingestion/data_ingestion.py
    deps:
    - path: src/NER_data_ingestion/data_ingestion.py
      md5: 720c5f130ac264fb045ad96e9d7c671d
      size: 1574
    - path: src/NER_utils
      hash: md5
      md5: 7acff466254f23852124e127d11bf48b.dir
      size: 1936
      nfiles: 4
    outs:
    - path: artifacts/cache_dir
      hash: md5
      md5: 239376aee196de84edbd518f2c065a80.dir
      size: 9571970
      nfiles: 10
